Microsoft Visual Studio Solution File, Format Version 12.00
# Visual Studio 15
Project("{8BC9CEB8-8B4A-11D0-8D11-00A0C91BC942}") = "ALL_BUILD", "ALL_BUILD.vcxproj", "{3A2B059A-23F7-3758-9CBA-4720790C403A}"
	ProjectSection(ProjectDependencies) = postProject
		{4CDEA646-549A-33B4-8189-92637ECA3B44} = {4CDEA646-549A-33B4-8189-92637ECA3B44}
		{7FA3235F-5B9B-3BA4-8393-9442C7796956} = {7FA3235F-5B9B-3BA4-8393-9442C7796956}
		{C22BBACD-B270-3974-8493-7E3C3792CC56} = {C22BBACD-B270-3974-8493-7E3C3792CC56}
		{10D9B342-9D88-3057-AC8D-4D46D2A3E41E} = {10D9B342-9D88-3057-AC8D-4D46D2A3E41E}
		{33E9FB15-4B84-3D52-B862-7A039B51E25C} = {33E9FB15-4B84-3D52-B862-7A039B51E25C}
		{AD3B5BF7-B3B4-3C54-8184-52B1487FFD84} = {AD3B5BF7-B3B4-3C54-8184-52B1487FFD84}
		{E2915E9E-7B46-3645-8F97-2B7382E356BF} = {E2915E9E-7B46-3645-8F97-2B7382E356BF}
		{21EC815E-DFF5-35ED-B59F-648F59CE51B3} = {21EC815E-DFF5-35ED-B59F-648F59CE51B3}
	EndProjectSection
EndProject
Project("{8BC9CEB8-8B4A-11D0-8D11-00A0C91BC942}") = "AsmOffsets", "Runtime\Full\AsmOffsets.vcxproj", "{E65071C1-DD6F-34EB-ADAD-F3351BE3CC52}"
	ProjectSection(ProjectDependencies) = postProject
		{C22BBACD-B270-3974-8493-7E3C3792CC56} = {C22BBACD-B270-3974-8493-7E3C3792CC56}
	EndProjectSection
EndProject
Project("{8BC9CEB8-8B4A-11D0-8D11-00A0C91BC942}") = "INSTALL", "INSTALL.vcxproj", "{95120CAF-04FC-3BBB-B6D7-15108CDD2E7B}"
	ProjectSection(ProjectDependencies) = postProject
		{3A2B059A-23F7-3758-9CBA-4720790C403A} = {3A2B059A-23F7-3758-9CBA-4720790C403A}
		{C22BBACD-B270-3974-8493-7E3C3792CC56} = {C22BBACD-B270-3974-8493-7E3C3792CC56}
	EndProjectSection
EndProject
Project("{8BC9CEB8-8B4A-11D0-8D11-00A0C91BC942}") = "PortableRuntime", "Runtime\Portable\PortableRuntime.vcxproj", "{4CDEA646-549A-33B4-8189-92637ECA3B44}"
	ProjectSection(ProjectDependencies) = postProject
		{C22BBACD-B270-3974-8493-7E3C3792CC56} = {C22BBACD-B270-3974-8493-7E3C3792CC56}
	EndProjectSection
EndProject
Project("{8BC9CEB8-8B4A-11D0-8D11-00A0C91BC942}") = "Runtime", "Runtime\Full\Runtime.vcxproj", "{7FA3235F-5B9B-3BA4-8393-9442C7796956}"
	ProjectSection(ProjectDependencies) = postProject
		{E65071C1-DD6F-34EB-ADAD-F3351BE3CC52} = {E65071C1-DD6F-34EB-ADAD-F3351BE3CC52}
		{C22BBACD-B270-3974-8493-7E3C3792CC56} = {C22BBACD-B270-3974-8493-7E3C3792CC56}
	EndProjectSection
EndProject
Project("{8BC9CEB8-8B4A-11D0-8D11-00A0C91BC942}") = "ZERO_CHECK", "ZERO_CHECK.vcxproj", "{C22BBACD-B270-3974-8493-7E3C3792CC56}"
	ProjectSection(ProjectDependencies) = postProject
	EndProjectSection
EndProject
Project("{8BC9CEB8-8B4A-11D0-8D11-00A0C91BC942}") = "bootstrapper", "Bootstrap\base\bootstrapper.vcxproj", "{10D9B342-9D88-3057-AC8D-4D46D2A3E41E}"
	ProjectSection(ProjectDependencies) = postProject
		{C22BBACD-B270-3974-8493-7E3C3792CC56} = {C22BBACD-B270-3974-8493-7E3C3792CC56}
	EndProjectSection
EndProject
Project("{8BC9CEB8-8B4A-11D0-8D11-00A0C91BC942}") = "bootstrappercpp", "Bootstrap\cpp\bootstrappercpp.vcxproj", "{33E9FB15-4B84-3D52-B862-7A039B51E25C}"
	ProjectSection(ProjectDependencies) = postProject
		{C22BBACD-B270-3974-8493-7E3C3792CC56} = {C22BBACD-B270-3974-8493-7E3C3792CC56}
	EndProjectSection
EndProject
Project("{8BC9CEB8-8B4A-11D0-8D11-00A0C91BC942}") = "bootstrapperdll", "Bootstrap\dll\bootstrapperdll.vcxproj", "{AD3B5BF7-B3B4-3C54-8184-52B1487FFD84}"
	ProjectSection(ProjectDependencies) = postProject
		{C22BBACD-B270-3974-8493-7E3C3792CC56} = {C22BBACD-B270-3974-8493-7E3C3792CC56}
	EndProjectSection
EndProject
Project("{8BC9CEB8-8B4A-11D0-8D11-00A0C91BC942}") = "gcsample", "gc\sample\gcsample.vcxproj", "{E2915E9E-7B46-3645-8F97-2B7382E356BF}"
	ProjectSection(ProjectDependencies) = postProject
		{C22BBACD-B270-3974-8493-7E3C3792CC56} = {C22BBACD-B270-3974-8493-7E3C3792CC56}
	EndProjectSection
EndProject
Project("{8BC9CEB8-8B4A-11D0-8D11-00A0C91BC942}") = "jitinterface", "jitinterface\jitinterface.vcxproj", "{21EC815E-DFF5-35ED-B59F-648F59CE51B3}"
	ProjectSection(ProjectDependencies) = postProject
		{C22BBACD-B270-3974-8493-7E3C3792CC56} = {C22BBACD-B270-3974-8493-7E3C3792CC56}
	EndProjectSection
EndProject
Global
	GlobalSection(SolutionConfigurationPlatforms) = preSolution
		Debug|x64 = Debug|x64
		Release|x64 = Release|x64
		MinSizeRel|x64 = MinSizeRel|x64
		RelWithDebInfo|x64 = RelWithDebInfo|x64
	EndGlobalSection
	GlobalSection(ProjectConfigurationPlatforms) = postSolution
		{3A2B059A-23F7-3758-9CBA-4720790C403A}.Debug|x64.ActiveCfg = Debug|x64
		{3A2B059A-23F7-3758-9CBA-4720790C403A}.Debug|x64.Build.0 = Debug|x64
		{3A2B059A-23F7-3758-9CBA-4720790C403A}.Release|x64.ActiveCfg = Release|x64
		{3A2B059A-23F7-3758-9CBA-4720790C403A}.Release|x64.Build.0 = Release|x64
		{3A2B059A-23F7-3758-9CBA-4720790C403A}.MinSizeRel|x64.ActiveCfg = MinSizeRel|x64
		{3A2B059A-23F7-3758-9CBA-4720790C403A}.MinSizeRel|x64.Build.0 = MinSizeRel|x64
		{3A2B059A-23F7-3758-9CBA-4720790C403A}.RelWithDebInfo|x64.ActiveCfg = RelWithDebInfo|x64
		{3A2B059A-23F7-3758-9CBA-4720790C403A}.RelWithDebInfo|x64.Build.0 = RelWithDebInfo|x64
		{E65071C1-DD6F-34EB-ADAD-F3351BE3CC52}.Debug|x64.ActiveCfg = Debug|x64
		{E65071C1-DD6F-34EB-ADAD-F3351BE3CC52}.Debug|x64.Build.0 = Debug|x64
		{E65071C1-DD6F-34EB-ADAD-F3351BE3CC52}.Release|x64.ActiveCfg = Release|x64
		{E65071C1-DD6F-34EB-ADAD-F3351BE3CC52}.Release|x64.Build.0 = Release|x64
		{E65071C1-DD6F-34EB-ADAD-F3351BE3CC52}.MinSizeRel|x64.ActiveCfg = MinSizeRel|x64
		{E65071C1-DD6F-34EB-ADAD-F3351BE3CC52}.MinSizeRel|x64.Build.0 = MinSizeRel|x64
		{E65071C1-DD6F-34EB-ADAD-F3351BE3CC52}.RelWithDebInfo|x64.ActiveCfg = RelWithDebInfo|x64
		{E65071C1-DD6F-34EB-ADAD-F3351BE3CC52}.RelWithDebInfo|x64.Build.0 = RelWithDebInfo|x64
		{95120CAF-04FC-3BBB-B6D7-15108CDD2E7B}.Debug|x64.ActiveCfg = Debug|x64
		{95120CAF-04FC-3BBB-B6D7-15108CDD2E7B}.Release|x64.ActiveCfg = Release|x64
		{95120CAF-04FC-3BBB-B6D7-15108CDD2E7B}.MinSizeRel|x64.ActiveCfg = MinSizeRel|x64
		{95120CAF-04FC-3BBB-B6D7-15108CDD2E7B}.RelWithDebInfo|x64.ActiveCfg = RelWithDebInfo|x64
		{4CDEA646-549A-33B4-8189-92637ECA3B44}.Debug|x64.ActiveCfg = Debug|x64
		{4CDEA646-549A-33B4-8189-92637ECA3B44}.Debug|x64.Build.0 = Debug|x64
		{4CDEA646-549A-33B4-8189-92637ECA3B44}.Release|x64.ActiveCfg = Release|x64
		{4CDEA646-549A-33B4-8189-92637ECA3B44}.Release|x64.Build.0 = Release|x64
		{4CDEA646-549A-33B4-8189-92637ECA3B44}.MinSizeRel|x64.ActiveCfg = MinSizeRel|x64
		{4CDEA646-549A-33B4-8189-92637ECA3B44}.MinSizeRel|x64.Build.0 = MinSizeRel|x64
		{4CDEA646-549A-33B4-8189-92637ECA3B44}.RelWithDebInfo|x64.ActiveCfg = RelWithDebInfo|x64
		{4CDEA646-549A-33B4-8189-92637ECA3B44}.RelWithDebInfo|x64.Build.0 = RelWithDebInfo|x64
		{7FA3235F-5B9B-3BA4-8393-9442C7796956}.Debug|x64.ActiveCfg = Debug|x64
		{7FA3235F-5B9B-3BA4-8393-9442C7796956}.Debug|x64.Build.0 = Debug|x64
		{7FA3235F-5B9B-3BA4-8393-9442C7796956}.Release|x64.ActiveCfg = Release|x64
		{7FA3235F-5B9B-3BA4-8393-9442C7796956}.Release|x64.Build.0 = Release|x64
		{7FA3235F-5B9B-3BA4-8393-9442C7796956}.MinSizeRel|x64.ActiveCfg = MinSizeRel|x64
		{7FA3235F-5B9B-3BA4-8393-9442C7796956}.MinSizeRel|x64.Build.0 = MinSizeRel|x64
		{7FA3235F-5B9B-3BA4-8393-9442C7796956}.RelWithDebInfo|x64.ActiveCfg = RelWithDebInfo|x64
		{7FA3235F-5B9B-3BA4-8393-9442C7796956}.RelWithDebInfo|x64.Build.0 = RelWithDebInfo|x64
		{C22BBACD-B270-3974-8493-7E3C3792CC56}.Debug|x64.ActiveCfg = Debug|x64
		{C22BBACD-B270-3974-8493-7E3C3792CC56}.Debug|x64.Build.0 = Debug|x64
		{C22BBACD-B270-3974-8493-7E3C3792CC56}.Release|x64.ActiveCfg = Release|x64
		{C22BBACD-B270-3974-8493-7E3C3792CC56}.Release|x64.Build.0 = Release|x64
		{C22BBACD-B270-3974-8493-7E3C3792CC56}.MinSizeRel|x64.ActiveCfg = MinSizeRel|x64
		{C22BBACD-B270-3974-8493-7E3C3792CC56}.MinSizeRel|x64.Build.0 = MinSizeRel|x64
		{C22BBACD-B270-3974-8493-7E3C3792CC56}.RelWithDebInfo|x64.ActiveCfg = RelWithDebInfo|x64
		{C22BBACD-B270-3974-8493-7E3C3792CC56}.RelWithDebInfo|x64.Build.0 = RelWithDebInfo|x64
		{10D9B342-9D88-3057-AC8D-4D46D2A3E41E}.Debug|x64.ActiveCfg = Debug|x64
		{10D9B342-9D88-3057-AC8D-4D46D2A3E41E}.Debug|x64.Build.0 = Debug|x64
		{10D9B342-9D88-3057-AC8D-4D46D2A3E41E}.Release|x64.ActiveCfg = Release|x64
		{10D9B342-9D88-3057-AC8D-4D46D2A3E41E}.Release|x64.Build.0 = Release|x64
		{10D9B342-9D88-3057-AC8D-4D46D2A3E41E}.MinSizeRel|x64.ActiveCfg = MinSizeRel|x64
		{10D9B342-9D88-3057-AC8D-4D46D2A3E41E}.MinSizeRel|x64.Build.0 = MinSizeRel|x64
		{10D9B342-9D88-3057-AC8D-4D46D2A3E41E}.RelWithDebInfo|x64.ActiveCfg = RelWithDebInfo|x64
		{10D9B342-9D88-3057-AC8D-4D46D2A3E41E}.RelWithDebInfo|x64.Build.0 = RelWithDebInfo|x64
		{33E9FB15-4B84-3D52-B862-7A039B51E25C}.Debug|x64.ActiveCfg = Debug|x64
		{33E9FB15-4B84-3D52-B862-7A039B51E25C}.Debug|x64.Build.0 = Debug|x64
		{33E9FB15-4B84-3D52-B862-7A039B51E25C}.Release|x64.ActiveCfg = Release|x64
		{33E9FB15-4B84-3D52-B862-7A039B51E25C}.Release|x64.Build.0 = Release|x64
		{33E9FB15-4B84-3D52-B862-7A039B51E25C}.MinSizeRel|x64.ActiveCfg = MinSizeRel|x64
		{33E9FB15-4B84-3D52-B862-7A039B51E25C}.MinSizeRel|x64.Build.0 = MinSizeRel|x64
		{33E9FB15-4B84-3D52-B862-7A039B51E25C}.RelWithDebInfo|x64.ActiveCfg = RelWithDebInfo|x64
		{33E9FB15-4B84-3D52-B862-7A039B51E25C}.RelWithDebInfo|x64.Build.0 = RelWithDebInfo|x64
		{AD3B5BF7-B3B4-3C54-8184-52B1487FFD84}.Debug|x64.ActiveCfg = Debug|x64
		{AD3B5BF7-B3B4-3C54-8184-52B1487FFD84}.Debug|x64.Build.0 = Debug|x64
		{AD3B5BF7-B3B4-3C54-8184-52B1487FFD84}.Release|x64.ActiveCfg = Release|x64
		{AD3B5BF7-B3B4-3C54-8184-52B1487FFD84}.Release|x64.Build.0 = Release|x64
		{AD3B5BF7-B3B4-3C54-8184-52B1487FFD84}.MinSizeRel|x64.ActiveCfg = MinSizeRel|x64
		{AD3B5BF7-B3B4-3C54-8184-52B1487FFD84}.MinSizeRel|x64.Build.0 = MinSizeRel|x64
		{AD3B5BF7-B3B4-3C54-8184-52B1487FFD84}.RelWithDebInfo|x64.ActiveCfg = RelWithDebInfo|x64
		{AD3B5BF7-B3B4-3C54-8184-52B1487FFD84}.RelWithDebInfo|x64.Build.0 = RelWithDebInfo|x64
		{E2915E9E-7B46-3645-8F97-2B7382E356BF}.Debug|x64.ActiveCfg = Debug|x64
		{E2915E9E-7B46-3645-8F97-2B7382E356BF}.Debug|x64.Build.0 = Debug|x64
		{E2915E9E-7B46-3645-8F97-2B7382E356BF}.Release|x64.ActiveCfg = Release|x64
		{E2915E9E-7B46-3645-8F97-2B7382E356BF}.Release|x64.Build.0 = Release|x64
		{E2915E9E-7B46-3645-8F97-2B7382E356BF}.MinSizeRel|x64.ActiveCfg = MinSizeRel|x64
		{E2915E9E-7B46-3645-8F97-2B7382E356BF}.MinSizeRel|x64.Build.0 = MinSizeRel|x64
		{E2915E9E-7B46-3645-8F97-2B7382E356BF}.RelWithDebInfo|x64.ActiveCfg = RelWithDebInfo|x64
		{E2915E9E-7B46-3645-8F97-2B7382E356BF}.RelWithDebInfo|x64.Build.0 = RelWithDebInfo|x64
		{21EC815E-DFF5-35ED-B59F-648F59CE51B3}.Debug|x64.ActiveCfg = Debug|x64
		{21EC815E-DFF5-35ED-B59F-648F59CE51B3}.Debug|x64.Build.0 = Debug|x64
		{21EC815E-DFF5-35ED-B59F-648F59CE51B3}.Release|x64.ActiveCfg = Release|x64
		{21EC815E-DFF5-35ED-B59F-648F59CE51B3}.Release|x64.Build.0 = Release|x64
		{21EC815E-DFF5-35ED-B59F-648F59CE51B3}.MinSizeRel|x64.ActiveCfg = MinSizeRel|x64
		{21EC815E-DFF5-35ED-B59F-648F59CE51B3}.MinSizeRel|x64.Build.0 = MinSizeRel|x64
		{21EC815E-DFF5-35ED-B59F-648F59CE51B3}.RelWithDebInfo|x64.ActiveCfg = RelWithDebInfo|x64
		{21EC815E-DFF5-35ED-B59F-648F59CE51B3}.RelWithDebInfo|x64.Build.0 = RelWithDebInfo|x64
	EndGlobalSection
	GlobalSection(ExtensibilityGlobals) = postSolution
		SolutionGuid = {5E99E0DA-A1F8-3EC2-BAA2-20AB3109611C}
	EndGlobalSection
	GlobalSection(ExtensibilityAddIns) = postSolution
	EndGlobalSection
EndGlobal
