Microsoft Visual Studio Solution File, Format Version 12.00
# Visual Studio 15
Project("{8BC9CEB8-8B4A-11D0-8D11-00A0C91BC942}") = "ALL_BUILD", "ALL_BUILD.vcxproj", "{D7550AF2-7970-3927-899A-D1E44A5DE791}"
	ProjectSection(ProjectDependencies) = postProject
		{317E039F-45C4-3E14-B431-8660A7E9FF81} = {317E039F-45C4-3E14-B431-8660A7E9FF81}
		{4621D199-12E5-31FD-BDF1-E2BBBA9C8164} = {4621D199-12E5-31FD-BDF1-E2BBBA9C8164}
		{69369ED1-3974-3FA5-8DFA-D83A9A3341A9} = {69369ED1-3974-3FA5-8DFA-D83A9A3341A9}
		{288ED2EB-C25E-3289-8D9B-847675C600CA} = {288ED2EB-C25E-3289-8D9B-847675C600CA}
		{91096A95-7DF3-3EAE-B61E-1C5E626CF34B} = {91096A95-7DF3-3EAE-B61E-1C5E626CF34B}
		{5CA224C1-E140-3C9A-B8D3-42511352CCDC} = {5CA224C1-E140-3C9A-B8D3-42511352CCDC}
		{3F59FE6D-F01F-3028-B616-C928F7DF8F9E} = {3F59FE6D-F01F-3028-B616-C928F7DF8F9E}
		{4FEB5E8D-D3E1-3A3D-85A5-DF075F5E951D} = {4FEB5E8D-D3E1-3A3D-85A5-DF075F5E951D}
		{4CC6D995-437D-3445-B89F-C4C41F18B907} = {4CC6D995-437D-3445-B89F-C4C41F18B907}
		{C66CBB4A-47E3-3BC9-8A51-876D68B5DCFF} = {C66CBB4A-47E3-3BC9-8A51-876D68B5DCFF}
		{89ED4639-37F1-3773-9736-8210DFE94BE1} = {89ED4639-37F1-3773-9736-8210DFE94BE1}
	EndProjectSection
EndProject
Project("{8BC9CEB8-8B4A-11D0-8D11-00A0C91BC942}") = "AsmOffsets", "Runtime\Full\AsmOffsets.vcxproj", "{630C87BC-A35D-3635-BA84-97A5E9BE9AC8}"
	ProjectSection(ProjectDependencies) = postProject
		{5CA224C1-E140-3C9A-B8D3-42511352CCDC} = {5CA224C1-E140-3C9A-B8D3-42511352CCDC}
	EndProjectSection
EndProject
Project("{8BC9CEB8-8B4A-11D0-8D11-00A0C91BC942}") = "INSTALL", "INSTALL.vcxproj", "{F28E3E88-88BF-3F55-9023-B04A7AB1BAAE}"
	ProjectSection(ProjectDependencies) = postProject
		{D7550AF2-7970-3927-899A-D1E44A5DE791} = {D7550AF2-7970-3927-899A-D1E44A5DE791}
		{5CA224C1-E140-3C9A-B8D3-42511352CCDC} = {5CA224C1-E140-3C9A-B8D3-42511352CCDC}
	EndProjectSection
EndProject
Project("{8BC9CEB8-8B4A-11D0-8D11-00A0C91BC942}") = "PortableRuntime", "Runtime\Portable\PortableRuntime.vcxproj", "{317E039F-45C4-3E14-B431-8660A7E9FF81}"
	ProjectSection(ProjectDependencies) = postProject
		{5CA224C1-E140-3C9A-B8D3-42511352CCDC} = {5CA224C1-E140-3C9A-B8D3-42511352CCDC}
	EndProjectSection
EndProject
Project("{8BC9CEB8-8B4A-11D0-8D11-00A0C91BC942}") = "Runtime", "Runtime\Full\Runtime.vcxproj", "{4621D199-12E5-31FD-BDF1-E2BBBA9C8164}"
	ProjectSection(ProjectDependencies) = postProject
		{630C87BC-A35D-3635-BA84-97A5E9BE9AC8} = {630C87BC-A35D-3635-BA84-97A5E9BE9AC8}
		{5CA224C1-E140-3C9A-B8D3-42511352CCDC} = {5CA224C1-E140-3C9A-B8D3-42511352CCDC}
	EndProjectSection
EndProject
Project("{8BC9CEB8-8B4A-11D0-8D11-00A0C91BC942}") = "Runtime.ServerGC", "Runtime\Full\Runtime.ServerGC.vcxproj", "{69369ED1-3974-3FA5-8DFA-D83A9A3341A9}"
	ProjectSection(ProjectDependencies) = postProject
		{5CA224C1-E140-3C9A-B8D3-42511352CCDC} = {5CA224C1-E140-3C9A-B8D3-42511352CCDC}
	EndProjectSection
EndProject
Project("{8BC9CEB8-8B4A-11D0-8D11-00A0C91BC942}") = "System.Private.Jit.Native", "jitinterface\System.Private.Jit.Native.vcxproj", "{288ED2EB-C25E-3289-8D9B-847675C600CA}"
	ProjectSection(ProjectDependencies) = postProject
		{5CA224C1-E140-3C9A-B8D3-42511352CCDC} = {5CA224C1-E140-3C9A-B8D3-42511352CCDC}
	EndProjectSection
EndProject
Project("{8BC9CEB8-8B4A-11D0-8D11-00A0C91BC942}") = "System.Private.TypeLoader.Native", "System.Private.TypeLoader.Native\System.Private.TypeLoader.Native.vcxproj", "{91096A95-7DF3-3EAE-B61E-1C5E626CF34B}"
	ProjectSection(ProjectDependencies) = postProject
		{5CA224C1-E140-3C9A-B8D3-42511352CCDC} = {5CA224C1-E140-3C9A-B8D3-42511352CCDC}
	EndProjectSection
EndProject
Project("{8BC9CEB8-8B4A-11D0-8D11-00A0C91BC942}") = "ZERO_CHECK", "ZERO_CHECK.vcxproj", "{5CA224C1-E140-3C9A-B8D3-42511352CCDC}"
	ProjectSection(ProjectDependencies) = postProject
	EndProjectSection
EndProject
Project("{8BC9CEB8-8B4A-11D0-8D11-00A0C91BC942}") = "bootstrapper", "Bootstrap\base\bootstrapper.vcxproj", "{3F59FE6D-F01F-3028-B616-C928F7DF8F9E}"
	ProjectSection(ProjectDependencies) = postProject
		{5CA224C1-E140-3C9A-B8D3-42511352CCDC} = {5CA224C1-E140-3C9A-B8D3-42511352CCDC}
	EndProjectSection
EndProject
Project("{8BC9CEB8-8B4A-11D0-8D11-00A0C91BC942}") = "bootstrappercpp", "Bootstrap\cpp\bootstrappercpp.vcxproj", "{4FEB5E8D-D3E1-3A3D-85A5-DF075F5E951D}"
	ProjectSection(ProjectDependencies) = postProject
		{5CA224C1-E140-3C9A-B8D3-42511352CCDC} = {5CA224C1-E140-3C9A-B8D3-42511352CCDC}
	EndProjectSection
EndProject
Project("{8BC9CEB8-8B4A-11D0-8D11-00A0C91BC942}") = "bootstrapperdll", "Bootstrap\dll\bootstrapperdll.vcxproj", "{4CC6D995-437D-3445-B89F-C4C41F18B907}"
	ProjectSection(ProjectDependencies) = postProject
		{5CA224C1-E140-3C9A-B8D3-42511352CCDC} = {5CA224C1-E140-3C9A-B8D3-42511352CCDC}
	EndProjectSection
EndProject
Project("{8BC9CEB8-8B4A-11D0-8D11-00A0C91BC942}") = "gcsample", "gc\sample\gcsample.vcxproj", "{C66CBB4A-47E3-3BC9-8A51-876D68B5DCFF}"
	ProjectSection(ProjectDependencies) = postProject
		{5CA224C1-E140-3C9A-B8D3-42511352CCDC} = {5CA224C1-E140-3C9A-B8D3-42511352CCDC}
	EndProjectSection
EndProject
Project("{8BC9CEB8-8B4A-11D0-8D11-00A0C91BC942}") = "jitinterface", "jitinterface\jitinterface.vcxproj", "{89ED4639-37F1-3773-9736-8210DFE94BE1}"
	ProjectSection(ProjectDependencies) = postProject
		{5CA224C1-E140-3C9A-B8D3-42511352CCDC} = {5CA224C1-E140-3C9A-B8D3-42511352CCDC}
	EndProjectSection
EndProject
Global
	GlobalSection(SolutionConfigurationPlatforms) = preSolution
		Debug|x64 = Debug|x64
		Release|x64 = Release|x64
		MinSizeRel|x64 = MinSizeRel|x64
		RelWithDebInfo|x64 = RelWithDebInfo|x64
	EndGlobalSection
	GlobalSection(ProjectConfigurationPlatforms) = postSolution
		{D7550AF2-7970-3927-899A-D1E44A5DE791}.Debug|x64.ActiveCfg = Debug|x64
		{D7550AF2-7970-3927-899A-D1E44A5DE791}.Debug|x64.Build.0 = Debug|x64
		{D7550AF2-7970-3927-899A-D1E44A5DE791}.Release|x64.ActiveCfg = Release|x64
		{D7550AF2-7970-3927-899A-D1E44A5DE791}.Release|x64.Build.0 = Release|x64
		{D7550AF2-7970-3927-899A-D1E44A5DE791}.MinSizeRel|x64.ActiveCfg = MinSizeRel|x64
		{D7550AF2-7970-3927-899A-D1E44A5DE791}.MinSizeRel|x64.Build.0 = MinSizeRel|x64
		{D7550AF2-7970-3927-899A-D1E44A5DE791}.RelWithDebInfo|x64.ActiveCfg = RelWithDebInfo|x64
		{D7550AF2-7970-3927-899A-D1E44A5DE791}.RelWithDebInfo|x64.Build.0 = RelWithDebInfo|x64
		{630C87BC-A35D-3635-BA84-97A5E9BE9AC8}.Debug|x64.ActiveCfg = Debug|x64
		{630C87BC-A35D-3635-BA84-97A5E9BE9AC8}.Debug|x64.Build.0 = Debug|x64
		{630C87BC-A35D-3635-BA84-97A5E9BE9AC8}.Release|x64.ActiveCfg = Release|x64
		{630C87BC-A35D-3635-BA84-97A5E9BE9AC8}.Release|x64.Build.0 = Release|x64
		{630C87BC-A35D-3635-BA84-97A5E9BE9AC8}.MinSizeRel|x64.ActiveCfg = MinSizeRel|x64
		{630C87BC-A35D-3635-BA84-97A5E9BE9AC8}.MinSizeRel|x64.Build.0 = MinSizeRel|x64
		{630C87BC-A35D-3635-BA84-97A5E9BE9AC8}.RelWithDebInfo|x64.ActiveCfg = RelWithDebInfo|x64
		{630C87BC-A35D-3635-BA84-97A5E9BE9AC8}.RelWithDebInfo|x64.Build.0 = RelWithDebInfo|x64
		{F28E3E88-88BF-3F55-9023-B04A7AB1BAAE}.Debug|x64.ActiveCfg = Debug|x64
		{F28E3E88-88BF-3F55-9023-B04A7AB1BAAE}.Release|x64.ActiveCfg = Release|x64
		{F28E3E88-88BF-3F55-9023-B04A7AB1BAAE}.MinSizeRel|x64.ActiveCfg = MinSizeRel|x64
		{F28E3E88-88BF-3F55-9023-B04A7AB1BAAE}.RelWithDebInfo|x64.ActiveCfg = RelWithDebInfo|x64
		{317E039F-45C4-3E14-B431-8660A7E9FF81}.Debug|x64.ActiveCfg = Debug|x64
		{317E039F-45C4-3E14-B431-8660A7E9FF81}.Debug|x64.Build.0 = Debug|x64
		{317E039F-45C4-3E14-B431-8660A7E9FF81}.Release|x64.ActiveCfg = Release|x64
		{317E039F-45C4-3E14-B431-8660A7E9FF81}.Release|x64.Build.0 = Release|x64
		{317E039F-45C4-3E14-B431-8660A7E9FF81}.MinSizeRel|x64.ActiveCfg = MinSizeRel|x64
		{317E039F-45C4-3E14-B431-8660A7E9FF81}.MinSizeRel|x64.Build.0 = MinSizeRel|x64
		{317E039F-45C4-3E14-B431-8660A7E9FF81}.RelWithDebInfo|x64.ActiveCfg = RelWithDebInfo|x64
		{317E039F-45C4-3E14-B431-8660A7E9FF81}.RelWithDebInfo|x64.Build.0 = RelWithDebInfo|x64
		{4621D199-12E5-31FD-BDF1-E2BBBA9C8164}.Debug|x64.ActiveCfg = Debug|x64
		{4621D199-12E5-31FD-BDF1-E2BBBA9C8164}.Debug|x64.Build.0 = Debug|x64
		{4621D199-12E5-31FD-BDF1-E2BBBA9C8164}.Release|x64.ActiveCfg = Release|x64
		{4621D199-12E5-31FD-BDF1-E2BBBA9C8164}.Release|x64.Build.0 = Release|x64
		{4621D199-12E5-31FD-BDF1-E2BBBA9C8164}.MinSizeRel|x64.ActiveCfg = MinSizeRel|x64
		{4621D199-12E5-31FD-BDF1-E2BBBA9C8164}.MinSizeRel|x64.Build.0 = MinSizeRel|x64
		{4621D199-12E5-31FD-BDF1-E2BBBA9C8164}.RelWithDebInfo|x64.ActiveCfg = RelWithDebInfo|x64
		{4621D199-12E5-31FD-BDF1-E2BBBA9C8164}.RelWithDebInfo|x64.Build.0 = RelWithDebInfo|x64
		{69369ED1-3974-3FA5-8DFA-D83A9A3341A9}.Debug|x64.ActiveCfg = Debug|x64
		{69369ED1-3974-3FA5-8DFA-D83A9A3341A9}.Debug|x64.Build.0 = Debug|x64
		{69369ED1-3974-3FA5-8DFA-D83A9A3341A9}.Release|x64.ActiveCfg = Release|x64
		{69369ED1-3974-3FA5-8DFA-D83A9A3341A9}.Release|x64.Build.0 = Release|x64
		{69369ED1-3974-3FA5-8DFA-D83A9A3341A9}.MinSizeRel|x64.ActiveCfg = MinSizeRel|x64
		{69369ED1-3974-3FA5-8DFA-D83A9A3341A9}.MinSizeRel|x64.Build.0 = MinSizeRel|x64
		{69369ED1-3974-3FA5-8DFA-D83A9A3341A9}.RelWithDebInfo|x64.ActiveCfg = RelWithDebInfo|x64
		{69369ED1-3974-3FA5-8DFA-D83A9A3341A9}.RelWithDebInfo|x64.Build.0 = RelWithDebInfo|x64
		{288ED2EB-C25E-3289-8D9B-847675C600CA}.Debug|x64.ActiveCfg = Debug|x64
		{288ED2EB-C25E-3289-8D9B-847675C600CA}.Debug|x64.Build.0 = Debug|x64
		{288ED2EB-C25E-3289-8D9B-847675C600CA}.Release|x64.ActiveCfg = Release|x64
		{288ED2EB-C25E-3289-8D9B-847675C600CA}.Release|x64.Build.0 = Release|x64
		{288ED2EB-C25E-3289-8D9B-847675C600CA}.MinSizeRel|x64.ActiveCfg = MinSizeRel|x64
		{288ED2EB-C25E-3289-8D9B-847675C600CA}.MinSizeRel|x64.Build.0 = MinSizeRel|x64
		{288ED2EB-C25E-3289-8D9B-847675C600CA}.RelWithDebInfo|x64.ActiveCfg = RelWithDebInfo|x64
		{288ED2EB-C25E-3289-8D9B-847675C600CA}.RelWithDebInfo|x64.Build.0 = RelWithDebInfo|x64
		{91096A95-7DF3-3EAE-B61E-1C5E626CF34B}.Debug|x64.ActiveCfg = Debug|x64
		{91096A95-7DF3-3EAE-B61E-1C5E626CF34B}.Debug|x64.Build.0 = Debug|x64
		{91096A95-7DF3-3EAE-B61E-1C5E626CF34B}.Release|x64.ActiveCfg = Release|x64
		{91096A95-7DF3-3EAE-B61E-1C5E626CF34B}.Release|x64.Build.0 = Release|x64
		{91096A95-7DF3-3EAE-B61E-1C5E626CF34B}.MinSizeRel|x64.ActiveCfg = MinSizeRel|x64
		{91096A95-7DF3-3EAE-B61E-1C5E626CF34B}.MinSizeRel|x64.Build.0 = MinSizeRel|x64
		{91096A95-7DF3-3EAE-B61E-1C5E626CF34B}.RelWithDebInfo|x64.ActiveCfg = RelWithDebInfo|x64
		{91096A95-7DF3-3EAE-B61E-1C5E626CF34B}.RelWithDebInfo|x64.Build.0 = RelWithDebInfo|x64
		{5CA224C1-E140-3C9A-B8D3-42511352CCDC}.Debug|x64.ActiveCfg = Debug|x64
		{5CA224C1-E140-3C9A-B8D3-42511352CCDC}.Debug|x64.Build.0 = Debug|x64
		{5CA224C1-E140-3C9A-B8D3-42511352CCDC}.Release|x64.ActiveCfg = Release|x64
		{5CA224C1-E140-3C9A-B8D3-42511352CCDC}.Release|x64.Build.0 = Release|x64
		{5CA224C1-E140-3C9A-B8D3-42511352CCDC}.MinSizeRel|x64.ActiveCfg = MinSizeRel|x64
		{5CA224C1-E140-3C9A-B8D3-42511352CCDC}.MinSizeRel|x64.Build.0 = MinSizeRel|x64
		{5CA224C1-E140-3C9A-B8D3-42511352CCDC}.RelWithDebInfo|x64.ActiveCfg = RelWithDebInfo|x64
		{5CA224C1-E140-3C9A-B8D3-42511352CCDC}.RelWithDebInfo|x64.Build.0 = RelWithDebInfo|x64
		{3F59FE6D-F01F-3028-B616-C928F7DF8F9E}.Debug|x64.ActiveCfg = Debug|x64
		{3F59FE6D-F01F-3028-B616-C928F7DF8F9E}.Debug|x64.Build.0 = Debug|x64
		{3F59FE6D-F01F-3028-B616-C928F7DF8F9E}.Release|x64.ActiveCfg = Release|x64
		{3F59FE6D-F01F-3028-B616-C928F7DF8F9E}.Release|x64.Build.0 = Release|x64
		{3F59FE6D-F01F-3028-B616-C928F7DF8F9E}.MinSizeRel|x64.ActiveCfg = MinSizeRel|x64
		{3F59FE6D-F01F-3028-B616-C928F7DF8F9E}.MinSizeRel|x64.Build.0 = MinSizeRel|x64
		{3F59FE6D-F01F-3028-B616-C928F7DF8F9E}.RelWithDebInfo|x64.ActiveCfg = RelWithDebInfo|x64
		{3F59FE6D-F01F-3028-B616-C928F7DF8F9E}.RelWithDebInfo|x64.Build.0 = RelWithDebInfo|x64
		{4FEB5E8D-D3E1-3A3D-85A5-DF075F5E951D}.Debug|x64.ActiveCfg = Debug|x64
		{4FEB5E8D-D3E1-3A3D-85A5-DF075F5E951D}.Debug|x64.Build.0 = Debug|x64
		{4FEB5E8D-D3E1-3A3D-85A5-DF075F5E951D}.Release|x64.ActiveCfg = Release|x64
		{4FEB5E8D-D3E1-3A3D-85A5-DF075F5E951D}.Release|x64.Build.0 = Release|x64
		{4FEB5E8D-D3E1-3A3D-85A5-DF075F5E951D}.MinSizeRel|x64.ActiveCfg = MinSizeRel|x64
		{4FEB5E8D-D3E1-3A3D-85A5-DF075F5E951D}.MinSizeRel|x64.Build.0 = MinSizeRel|x64
		{4FEB5E8D-D3E1-3A3D-85A5-DF075F5E951D}.RelWithDebInfo|x64.ActiveCfg = RelWithDebInfo|x64
		{4FEB5E8D-D3E1-3A3D-85A5-DF075F5E951D}.RelWithDebInfo|x64.Build.0 = RelWithDebInfo|x64
		{4CC6D995-437D-3445-B89F-C4C41F18B907}.Debug|x64.ActiveCfg = Debug|x64
		{4CC6D995-437D-3445-B89F-C4C41F18B907}.Debug|x64.Build.0 = Debug|x64
		{4CC6D995-437D-3445-B89F-C4C41F18B907}.Release|x64.ActiveCfg = Release|x64
		{4CC6D995-437D-3445-B89F-C4C41F18B907}.Release|x64.Build.0 = Release|x64
		{4CC6D995-437D-3445-B89F-C4C41F18B907}.MinSizeRel|x64.ActiveCfg = MinSizeRel|x64
		{4CC6D995-437D-3445-B89F-C4C41F18B907}.MinSizeRel|x64.Build.0 = MinSizeRel|x64
		{4CC6D995-437D-3445-B89F-C4C41F18B907}.RelWithDebInfo|x64.ActiveCfg = RelWithDebInfo|x64
		{4CC6D995-437D-3445-B89F-C4C41F18B907}.RelWithDebInfo|x64.Build.0 = RelWithDebInfo|x64
		{C66CBB4A-47E3-3BC9-8A51-876D68B5DCFF}.Debug|x64.ActiveCfg = Debug|x64
		{C66CBB4A-47E3-3BC9-8A51-876D68B5DCFF}.Debug|x64.Build.0 = Debug|x64
		{C66CBB4A-47E3-3BC9-8A51-876D68B5DCFF}.Release|x64.ActiveCfg = Release|x64
		{C66CBB4A-47E3-3BC9-8A51-876D68B5DCFF}.Release|x64.Build.0 = Release|x64
		{C66CBB4A-47E3-3BC9-8A51-876D68B5DCFF}.MinSizeRel|x64.ActiveCfg = MinSizeRel|x64
		{C66CBB4A-47E3-3BC9-8A51-876D68B5DCFF}.MinSizeRel|x64.Build.0 = MinSizeRel|x64
		{C66CBB4A-47E3-3BC9-8A51-876D68B5DCFF}.RelWithDebInfo|x64.ActiveCfg = RelWithDebInfo|x64
		{C66CBB4A-47E3-3BC9-8A51-876D68B5DCFF}.RelWithDebInfo|x64.Build.0 = RelWithDebInfo|x64
		{89ED4639-37F1-3773-9736-8210DFE94BE1}.Debug|x64.ActiveCfg = Debug|x64
		{89ED4639-37F1-3773-9736-8210DFE94BE1}.Debug|x64.Build.0 = Debug|x64
		{89ED4639-37F1-3773-9736-8210DFE94BE1}.Release|x64.ActiveCfg = Release|x64
		{89ED4639-37F1-3773-9736-8210DFE94BE1}.Release|x64.Build.0 = Release|x64
		{89ED4639-37F1-3773-9736-8210DFE94BE1}.MinSizeRel|x64.ActiveCfg = MinSizeRel|x64
		{89ED4639-37F1-3773-9736-8210DFE94BE1}.MinSizeRel|x64.Build.0 = MinSizeRel|x64
		{89ED4639-37F1-3773-9736-8210DFE94BE1}.RelWithDebInfo|x64.ActiveCfg = RelWithDebInfo|x64
		{89ED4639-37F1-3773-9736-8210DFE94BE1}.RelWithDebInfo|x64.Build.0 = RelWithDebInfo|x64
	EndGlobalSection
	GlobalSection(ExtensibilityGlobals) = postSolution
		SolutionGuid = {01CCA386-86EF-3A65-9A79-6207AC02210A}
	EndGlobalSection
	GlobalSection(ExtensibilityAddIns) = postSolution
	EndGlobalSection
EndGlobal
