<?xml version="1.0" encoding="utf-8"?>
<Project ToolsVersion="15.0" xmlns="http://schemas.microsoft.com/developer/msbuild/2003">
  <ItemGroup>
    <CustomBuild Include="E:\Beta\dot64\corert\src\Native\CMakeFiles\94ea65c15d0af34499ac9d1fb5841d95\INSTALL_force.rule">
      <Filter>CMake Rules</Filter>
    </CustomBuild>
  </ItemGroup>
  <ItemGroup>
    <Filter Include="CMake Rules">
      <UniqueIdentifier>{EF8B3A9E-5E33-382A-B605-AC62BE53418B}</UniqueIdentifier>
    </Filter>
  </ItemGroup>
</Project>
