<?xml version="1.0" encoding="utf-8"?>
<Project ToolsVersion="15.0" xmlns="http://schemas.microsoft.com/developer/msbuild/2003">
  <ItemGroup>
    <ClCompile Include="E:\Beta\dot64\corert\src\Native\jitinterface\jithost.cpp">
      <Filter>Source Files</Filter>
    </ClCompile>
    <ClCompile Include="E:\Beta\dot64\corert\src\Native\jitinterface\jitinterface.cpp">
      <Filter>Source Files</Filter>
    </ClCompile>
    <ClCompile Include="E:\Beta\dot64\corert\src\Native\jitinterface\jitwrapper.cpp">
      <Filter>Source Files</Filter>
    </ClCompile>
    <ClCompile Include="E:\Beta\dot64\corert\src\Native\jitinterface\corinfoexception.cpp">
      <Filter>Source Files</Filter>
    </ClCompile>
  </ItemGroup>
  <ItemGroup>
    <CustomBuild Include="E:\Beta\dot64\corert\src\Native\jitinterface\CMakeLists.txt" />
  </ItemGroup>
  <ItemGroup>
    <Filter Include="Source Files">
      <UniqueIdentifier>{AB5636D7-4ABA-398E-AE7D-EB16F7DD8D6A}</UniqueIdentifier>
    </Filter>
  </ItemGroup>
</Project>
